
Microsoft Visual Studio Solution File, Format Version 12.00
# Visual Studio Version 16
VisualStudioVersion = 16.0.30503.244
MinimumVisualStudioVersion = 10.0.40219.1
Project("{FAE04EC0-301F-11D3-BF4B-00C04F79EFBC}") = "Skener", "Skener.csproj", "{F21AA984-90FD-4A98-A3D4-A2FDCA151DA5}"
EndProject
Global
	GlobalSection(SolutionConfigurationPlatforms) = preSolution
		Debug|Any CPU = Debug|Any CPU
		Release|Any CPU = Release|Any CPU
	EndGlobalSection
	GlobalSection(ProjectConfigurationPlatforms) = postSolution
		{F21AA984-90FD-4A98-A3D4-A2FDCA151DA5}.Debug|Any CPU.ActiveCfg = Debug|Any CPU
		{F21AA984-90FD-4A98-A3D4-A2FDCA151DA5}.Debug|Any CPU.Build.0 = Debug|Any CPU
		{F21AA984-90FD-4A98-A3D4-A2FDCA151DA5}.Release|Any CPU.ActiveCfg = Release|Any CPU
		{F21AA984-90FD-4A98-A3D4-A2FDCA151DA5}.Release|Any CPU.Build.0 = Release|Any CPU
	EndGlobalSection
	GlobalSection(SolutionProperties) = preSolution
		HideSolutionNode = FALSE
	EndGlobalSection
	GlobalSection(ExtensibilityGlobals) = postSolution
		SolutionGuid = {7767F6C8-2441-496F-898D-AF465F47FACE}
	EndGlobalSection
EndGlobal
