
Microsoft Visual Studio Solution File, Format Version 12.00
# Visual Studio Version 16
VisualStudioVersion = 16.0.30503.244
MinimumVisualStudioVersion = 10.0.40219.1
Project("{FAE04EC0-301F-11D3-BF4B-00C04F79EFBC}") = "Ptice", "Ptice.csproj", "{23BA8E2D-5358-4832-80FF-2BCE64843737}"
EndProject
Global
	GlobalSection(SolutionConfigurationPlatforms) = preSolution
		Debug|Any CPU = Debug|Any CPU
		Release|Any CPU = Release|Any CPU
	EndGlobalSection
	GlobalSection(ProjectConfigurationPlatforms) = postSolution
		{23BA8E2D-5358-4832-80FF-2BCE64843737}.Debug|Any CPU.ActiveCfg = Debug|Any CPU
		{23BA8E2D-5358-4832-80FF-2BCE64843737}.Debug|Any CPU.Build.0 = Debug|Any CPU
		{23BA8E2D-5358-4832-80FF-2BCE64843737}.Release|Any CPU.ActiveCfg = Release|Any CPU
		{23BA8E2D-5358-4832-80FF-2BCE64843737}.Release|Any CPU.Build.0 = Release|Any CPU
	EndGlobalSection
	GlobalSection(SolutionProperties) = preSolution
		HideSolutionNode = FALSE
	EndGlobalSection
	GlobalSection(ExtensibilityGlobals) = postSolution
		SolutionGuid = {3B532A68-BB97-44CE-B5B1-F1F01D63B0C1}
	EndGlobalSection
EndGlobal
