
Microsoft Visual Studio Solution File, Format Version 12.00
# Visual Studio Version 16
VisualStudioVersion = 16.0.30503.244
MinimumVisualStudioVersion = 10.0.40219.1
Project("{FAE04EC0-301F-11D3-BF4B-00C04F79EFBC}") = "Kornislav", "Kornislav.csproj", "{6399339E-4A27-4033-A2A3-C2F461347A8A}"
EndProject
Global
	GlobalSection(SolutionConfigurationPlatforms) = preSolution
		Debug|Any CPU = Debug|Any CPU
		Release|Any CPU = Release|Any CPU
	EndGlobalSection
	GlobalSection(ProjectConfigurationPlatforms) = postSolution
		{6399339E-4A27-4033-A2A3-C2F461347A8A}.Debug|Any CPU.ActiveCfg = Debug|Any CPU
		{6399339E-4A27-4033-A2A3-C2F461347A8A}.Debug|Any CPU.Build.0 = Debug|Any CPU
		{6399339E-4A27-4033-A2A3-C2F461347A8A}.Release|Any CPU.ActiveCfg = Release|Any CPU
		{6399339E-4A27-4033-A2A3-C2F461347A8A}.Release|Any CPU.Build.0 = Release|Any CPU
	EndGlobalSection
	GlobalSection(SolutionProperties) = preSolution
		HideSolutionNode = FALSE
	EndGlobalSection
	GlobalSection(ExtensibilityGlobals) = postSolution
		SolutionGuid = {ECA38B16-8606-4C28-B6EF-D9607D033438}
	EndGlobalSection
EndGlobal
