
Microsoft Visual Studio Solution File, Format Version 12.00
# Visual Studio Version 16
VisualStudioVersion = 16.0.30503.244
MinimumVisualStudioVersion = 10.0.40219.1
Project("{FAE04EC0-301F-11D3-BF4B-00C04F79EFBC}") = "PizzaCrust", "PizzaCrust.csproj", "{BAD2BE8E-ADFE-4D3B-889C-C95F54DF4157}"
EndProject
Global
	GlobalSection(SolutionConfigurationPlatforms) = preSolution
		Debug|Any CPU = Debug|Any CPU
		Release|Any CPU = Release|Any CPU
	EndGlobalSection
	GlobalSection(ProjectConfigurationPlatforms) = postSolution
		{BAD2BE8E-ADFE-4D3B-889C-C95F54DF4157}.Debug|Any CPU.ActiveCfg = Debug|Any CPU
		{BAD2BE8E-ADFE-4D3B-889C-C95F54DF4157}.Debug|Any CPU.Build.0 = Debug|Any CPU
		{BAD2BE8E-ADFE-4D3B-889C-C95F54DF4157}.Release|Any CPU.ActiveCfg = Release|Any CPU
		{BAD2BE8E-ADFE-4D3B-889C-C95F54DF4157}.Release|Any CPU.Build.0 = Release|Any CPU
	EndGlobalSection
	GlobalSection(SolutionProperties) = preSolution
		HideSolutionNode = FALSE
	EndGlobalSection
	GlobalSection(ExtensibilityGlobals) = postSolution
		SolutionGuid = {1C0C2089-0077-41E3-9927-0307A504A182}
	EndGlobalSection
EndGlobal
