
Microsoft Visual Studio Solution File, Format Version 12.00
# Visual Studio Version 16
VisualStudioVersion = 16.0.30503.244
MinimumVisualStudioVersion = 10.0.40219.1
Project("{FAE04EC0-301F-11D3-BF4B-00C04F79EFBC}") = "Aaah", "Aaah.csproj", "{0FFCB06E-06CB-408D-99EE-B28E4FF68397}"
EndProject
Global
	GlobalSection(SolutionConfigurationPlatforms) = preSolution
		Debug|Any CPU = Debug|Any CPU
		Release|Any CPU = Release|Any CPU
	EndGlobalSection
	GlobalSection(ProjectConfigurationPlatforms) = postSolution
		{0FFCB06E-06CB-408D-99EE-B28E4FF68397}.Debug|Any CPU.ActiveCfg = Debug|Any CPU
		{0FFCB06E-06CB-408D-99EE-B28E4FF68397}.Debug|Any CPU.Build.0 = Debug|Any CPU
		{0FFCB06E-06CB-408D-99EE-B28E4FF68397}.Release|Any CPU.ActiveCfg = Release|Any CPU
		{0FFCB06E-06CB-408D-99EE-B28E4FF68397}.Release|Any CPU.Build.0 = Release|Any CPU
	EndGlobalSection
	GlobalSection(SolutionProperties) = preSolution
		HideSolutionNode = FALSE
	EndGlobalSection
	GlobalSection(ExtensibilityGlobals) = postSolution
		SolutionGuid = {C115D608-6A54-40CE-909B-4ABF56929001}
	EndGlobalSection
EndGlobal
