
Microsoft Visual Studio Solution File, Format Version 12.00
# Visual Studio Version 16
VisualStudioVersion = 16.0.30503.244
MinimumVisualStudioVersion = 10.0.40219.1
Project("{FAE04EC0-301F-11D3-BF4B-00C04F79EFBC}") = "Quadrant", "Quadrant.csproj", "{58BD2F6E-EE74-40A1-8CEA-31FC3A33EEF4}"
EndProject
Global
	GlobalSection(SolutionConfigurationPlatforms) = preSolution
		Debug|Any CPU = Debug|Any CPU
		Release|Any CPU = Release|Any CPU
	EndGlobalSection
	GlobalSection(ProjectConfigurationPlatforms) = postSolution
		{58BD2F6E-EE74-40A1-8CEA-31FC3A33EEF4}.Debug|Any CPU.ActiveCfg = Debug|Any CPU
		{58BD2F6E-EE74-40A1-8CEA-31FC3A33EEF4}.Debug|Any CPU.Build.0 = Debug|Any CPU
		{58BD2F6E-EE74-40A1-8CEA-31FC3A33EEF4}.Release|Any CPU.ActiveCfg = Release|Any CPU
		{58BD2F6E-EE74-40A1-8CEA-31FC3A33EEF4}.Release|Any CPU.Build.0 = Release|Any CPU
	EndGlobalSection
	GlobalSection(SolutionProperties) = preSolution
		HideSolutionNode = FALSE
	EndGlobalSection
	GlobalSection(ExtensibilityGlobals) = postSolution
		SolutionGuid = {62DD793B-F31D-432A-98D4-43DFFB5BA064}
	EndGlobalSection
EndGlobal
