
Microsoft Visual Studio Solution File, Format Version 12.00
# Visual Studio Version 16
VisualStudioVersion = 16.0.30503.244
MinimumVisualStudioVersion = 10.0.40219.1
Project("{FAE04EC0-301F-11D3-BF4B-00C04F79EFBC}") = "OldManOut", "OldManOut.csproj", "{AD1C1045-0F98-4EF3-B5B0-033CE794064C}"
EndProject
Global
	GlobalSection(SolutionConfigurationPlatforms) = preSolution
		Debug|Any CPU = Debug|Any CPU
		Release|Any CPU = Release|Any CPU
	EndGlobalSection
	GlobalSection(ProjectConfigurationPlatforms) = postSolution
		{AD1C1045-0F98-4EF3-B5B0-033CE794064C}.Debug|Any CPU.ActiveCfg = Debug|Any CPU
		{AD1C1045-0F98-4EF3-B5B0-033CE794064C}.Debug|Any CPU.Build.0 = Debug|Any CPU
		{AD1C1045-0F98-4EF3-B5B0-033CE794064C}.Release|Any CPU.ActiveCfg = Release|Any CPU
		{AD1C1045-0F98-4EF3-B5B0-033CE794064C}.Release|Any CPU.Build.0 = Release|Any CPU
	EndGlobalSection
	GlobalSection(SolutionProperties) = preSolution
		HideSolutionNode = FALSE
	EndGlobalSection
	GlobalSection(ExtensibilityGlobals) = postSolution
		SolutionGuid = {F28436F8-2D3F-4E2E-8CC2-8B647C24F78E}
	EndGlobalSection
EndGlobal
