
Microsoft Visual Studio Solution File, Format Version 12.00
# Visual Studio Version 16
VisualStudioVersion = 16.0.30503.244
MinimumVisualStudioVersion = 10.0.40219.1
Project("{FAE04EC0-301F-11D3-BF4B-00C04F79EFBC}") = "Greetings", "Greetings.csproj", "{0FC8734D-C904-4C04-AD42-D65E2F8B0BBA}"
EndProject
Global
	GlobalSection(SolutionConfigurationPlatforms) = preSolution
		Debug|Any CPU = Debug|Any CPU
		Release|Any CPU = Release|Any CPU
	EndGlobalSection
	GlobalSection(ProjectConfigurationPlatforms) = postSolution
		{0FC8734D-C904-4C04-AD42-D65E2F8B0BBA}.Debug|Any CPU.ActiveCfg = Debug|Any CPU
		{0FC8734D-C904-4C04-AD42-D65E2F8B0BBA}.Debug|Any CPU.Build.0 = Debug|Any CPU
		{0FC8734D-C904-4C04-AD42-D65E2F8B0BBA}.Release|Any CPU.ActiveCfg = Release|Any CPU
		{0FC8734D-C904-4C04-AD42-D65E2F8B0BBA}.Release|Any CPU.Build.0 = Release|Any CPU
	EndGlobalSection
	GlobalSection(SolutionProperties) = preSolution
		HideSolutionNode = FALSE
	EndGlobalSection
	GlobalSection(ExtensibilityGlobals) = postSolution
		SolutionGuid = {358AA046-2A80-4F16-9BAE-4F92A1B23289}
	EndGlobalSection
EndGlobal
