
Microsoft Visual Studio Solution File, Format Version 12.00
# Visual Studio Version 16
VisualStudioVersion = 16.0.30503.244
MinimumVisualStudioVersion = 10.0.40219.1
Project("{FAE04EC0-301F-11D3-BF4B-00C04F79EFBC}") = "Trik", "Trik.csproj", "{28B8DD59-3E94-4E7E-A059-ACA674CA0017}"
EndProject
Global
	GlobalSection(SolutionConfigurationPlatforms) = preSolution
		Debug|Any CPU = Debug|Any CPU
		Release|Any CPU = Release|Any CPU
	EndGlobalSection
	GlobalSection(ProjectConfigurationPlatforms) = postSolution
		{28B8DD59-3E94-4E7E-A059-ACA674CA0017}.Debug|Any CPU.ActiveCfg = Debug|Any CPU
		{28B8DD59-3E94-4E7E-A059-ACA674CA0017}.Debug|Any CPU.Build.0 = Debug|Any CPU
		{28B8DD59-3E94-4E7E-A059-ACA674CA0017}.Release|Any CPU.ActiveCfg = Release|Any CPU
		{28B8DD59-3E94-4E7E-A059-ACA674CA0017}.Release|Any CPU.Build.0 = Release|Any CPU
	EndGlobalSection
	GlobalSection(SolutionProperties) = preSolution
		HideSolutionNode = FALSE
	EndGlobalSection
	GlobalSection(ExtensibilityGlobals) = postSolution
		SolutionGuid = {B42168ED-C91B-4844-88CC-DE59C60C5DE5}
	EndGlobalSection
EndGlobal
