
Microsoft Visual Studio Solution File, Format Version 12.00
# Visual Studio Version 16
VisualStudioVersion = 16.0.30503.244
MinimumVisualStudioVersion = 10.0.40219.1
Project("{FAE04EC0-301F-11D3-BF4B-00C04F79EFBC}") = "Reverse", "Reverse.csproj", "{1408FB20-F668-4D82-8A2A-BD9B2F3C2E5B}"
EndProject
Global
	GlobalSection(SolutionConfigurationPlatforms) = preSolution
		Debug|Any CPU = Debug|Any CPU
		Release|Any CPU = Release|Any CPU
	EndGlobalSection
	GlobalSection(ProjectConfigurationPlatforms) = postSolution
		{1408FB20-F668-4D82-8A2A-BD9B2F3C2E5B}.Debug|Any CPU.ActiveCfg = Debug|Any CPU
		{1408FB20-F668-4D82-8A2A-BD9B2F3C2E5B}.Debug|Any CPU.Build.0 = Debug|Any CPU
		{1408FB20-F668-4D82-8A2A-BD9B2F3C2E5B}.Release|Any CPU.ActiveCfg = Release|Any CPU
		{1408FB20-F668-4D82-8A2A-BD9B2F3C2E5B}.Release|Any CPU.Build.0 = Release|Any CPU
	EndGlobalSection
	GlobalSection(SolutionProperties) = preSolution
		HideSolutionNode = FALSE
	EndGlobalSection
	GlobalSection(ExtensibilityGlobals) = postSolution
		SolutionGuid = {28C58B36-E49E-4DFD-A47D-0E361F7CA282}
	EndGlobalSection
EndGlobal
