
Microsoft Visual Studio Solution File, Format Version 12.00
# Visual Studio Version 16
VisualStudioVersion = 16.0.30503.244
MinimumVisualStudioVersion = 10.0.40219.1
Project("{FAE04EC0-301F-11D3-BF4B-00C04F79EFBC}") = "SchoolSpirit", "SchoolSpirit.csproj", "{091AC657-F450-4F8A-8520-947835B76F52}"
EndProject
Global
	GlobalSection(SolutionConfigurationPlatforms) = preSolution
		Debug|Any CPU = Debug|Any CPU
		Release|Any CPU = Release|Any CPU
	EndGlobalSection
	GlobalSection(ProjectConfigurationPlatforms) = postSolution
		{091AC657-F450-4F8A-8520-947835B76F52}.Debug|Any CPU.ActiveCfg = Debug|Any CPU
		{091AC657-F450-4F8A-8520-947835B76F52}.Debug|Any CPU.Build.0 = Debug|Any CPU
		{091AC657-F450-4F8A-8520-947835B76F52}.Release|Any CPU.ActiveCfg = Release|Any CPU
		{091AC657-F450-4F8A-8520-947835B76F52}.Release|Any CPU.Build.0 = Release|Any CPU
	EndGlobalSection
	GlobalSection(SolutionProperties) = preSolution
		HideSolutionNode = FALSE
	EndGlobalSection
	GlobalSection(ExtensibilityGlobals) = postSolution
		SolutionGuid = {37F892DA-31AE-48E8-ACE7-A2753973B9C1}
	EndGlobalSection
EndGlobal
