
Microsoft Visual Studio Solution File, Format Version 12.00
# Visual Studio Version 16
VisualStudioVersion = 16.0.30503.244
MinimumVisualStudioVersion = 10.0.40219.1
Project("{FAE04EC0-301F-11D3-BF4B-00C04F79EFBC}") = "BatterUp", "BatterUp.csproj", "{2D5ABEF0-3531-408C-AA2B-F6A9EC003452}"
EndProject
Global
	GlobalSection(SolutionConfigurationPlatforms) = preSolution
		Debug|Any CPU = Debug|Any CPU
		Release|Any CPU = Release|Any CPU
	EndGlobalSection
	GlobalSection(ProjectConfigurationPlatforms) = postSolution
		{2D5ABEF0-3531-408C-AA2B-F6A9EC003452}.Debug|Any CPU.ActiveCfg = Debug|Any CPU
		{2D5ABEF0-3531-408C-AA2B-F6A9EC003452}.Debug|Any CPU.Build.0 = Debug|Any CPU
		{2D5ABEF0-3531-408C-AA2B-F6A9EC003452}.Release|Any CPU.ActiveCfg = Release|Any CPU
		{2D5ABEF0-3531-408C-AA2B-F6A9EC003452}.Release|Any CPU.Build.0 = Release|Any CPU
	EndGlobalSection
	GlobalSection(SolutionProperties) = preSolution
		HideSolutionNode = FALSE
	EndGlobalSection
	GlobalSection(ExtensibilityGlobals) = postSolution
		SolutionGuid = {DCE9E329-BA03-40C7-853D-32C27335C8FA}
	EndGlobalSection
EndGlobal
