
Microsoft Visual Studio Solution File, Format Version 12.00
# Visual Studio Version 16
VisualStudioVersion = 16.0.30503.244
MinimumVisualStudioVersion = 10.0.40219.1
Project("{FAE04EC0-301F-11D3-BF4B-00C04F79EFBC}") = "TransitWoes", "TransitWoes.csproj", "{0695BD6D-0E2C-4057-A2F3-76CBBE822254}"
EndProject
Global
	GlobalSection(SolutionConfigurationPlatforms) = preSolution
		Debug|Any CPU = Debug|Any CPU
		Release|Any CPU = Release|Any CPU
	EndGlobalSection
	GlobalSection(ProjectConfigurationPlatforms) = postSolution
		{0695BD6D-0E2C-4057-A2F3-76CBBE822254}.Debug|Any CPU.ActiveCfg = Debug|Any CPU
		{0695BD6D-0E2C-4057-A2F3-76CBBE822254}.Debug|Any CPU.Build.0 = Debug|Any CPU
		{0695BD6D-0E2C-4057-A2F3-76CBBE822254}.Release|Any CPU.ActiveCfg = Release|Any CPU
		{0695BD6D-0E2C-4057-A2F3-76CBBE822254}.Release|Any CPU.Build.0 = Release|Any CPU
	EndGlobalSection
	GlobalSection(SolutionProperties) = preSolution
		HideSolutionNode = FALSE
	EndGlobalSection
	GlobalSection(ExtensibilityGlobals) = postSolution
		SolutionGuid = {9104C565-2D39-4AC7-9D59-04A22E7B4870}
	EndGlobalSection
EndGlobal
