
Microsoft Visual Studio Solution File, Format Version 12.00
# Visual Studio Version 16
VisualStudioVersion = 16.0.30503.244
MinimumVisualStudioVersion = 10.0.40219.1
Project("{FAE04EC0-301F-11D3-BF4B-00C04F79EFBC}") = "Dicecup", "Dicecup.csproj", "{16697385-A8C3-49F8-BDD1-3E2D455B2788}"
EndProject
Global
	GlobalSection(SolutionConfigurationPlatforms) = preSolution
		Debug|Any CPU = Debug|Any CPU
		Release|Any CPU = Release|Any CPU
	EndGlobalSection
	GlobalSection(ProjectConfigurationPlatforms) = postSolution
		{16697385-A8C3-49F8-BDD1-3E2D455B2788}.Debug|Any CPU.ActiveCfg = Debug|Any CPU
		{16697385-A8C3-49F8-BDD1-3E2D455B2788}.Debug|Any CPU.Build.0 = Debug|Any CPU
		{16697385-A8C3-49F8-BDD1-3E2D455B2788}.Release|Any CPU.ActiveCfg = Release|Any CPU
		{16697385-A8C3-49F8-BDD1-3E2D455B2788}.Release|Any CPU.Build.0 = Release|Any CPU
	EndGlobalSection
	GlobalSection(SolutionProperties) = preSolution
		HideSolutionNode = FALSE
	EndGlobalSection
	GlobalSection(ExtensibilityGlobals) = postSolution
		SolutionGuid = {F367BA11-E0A4-4F63-9FB0-CAFB7E30D89C}
	EndGlobalSection
EndGlobal
