
Microsoft Visual Studio Solution File, Format Version 12.00
# Visual Studio Version 16
VisualStudioVersion = 16.0.30503.244
MinimumVisualStudioVersion = 10.0.40219.1
Project("{FAE04EC0-301F-11D3-BF4B-00C04F79EFBC}") = "Kleptography", "Kleptography.csproj", "{4145971A-E671-4B70-9F85-CDF5CC290FA6}"
EndProject
Global
	GlobalSection(SolutionConfigurationPlatforms) = preSolution
		Debug|Any CPU = Debug|Any CPU
		Release|Any CPU = Release|Any CPU
	EndGlobalSection
	GlobalSection(ProjectConfigurationPlatforms) = postSolution
		{4145971A-E671-4B70-9F85-CDF5CC290FA6}.Debug|Any CPU.ActiveCfg = Debug|Any CPU
		{4145971A-E671-4B70-9F85-CDF5CC290FA6}.Debug|Any CPU.Build.0 = Debug|Any CPU
		{4145971A-E671-4B70-9F85-CDF5CC290FA6}.Release|Any CPU.ActiveCfg = Release|Any CPU
		{4145971A-E671-4B70-9F85-CDF5CC290FA6}.Release|Any CPU.Build.0 = Release|Any CPU
	EndGlobalSection
	GlobalSection(SolutionProperties) = preSolution
		HideSolutionNode = FALSE
	EndGlobalSection
	GlobalSection(ExtensibilityGlobals) = postSolution
		SolutionGuid = {B6944200-38CC-4BA8-9CEE-FC6A20124425}
	EndGlobalSection
EndGlobal
