
Microsoft Visual Studio Solution File, Format Version 12.00
# Visual Studio Version 16
VisualStudioVersion = 16.0.30503.244
MinimumVisualStudioVersion = 10.0.40219.1
Project("{FAE04EC0-301F-11D3-BF4B-00C04F79EFBC}") = "ElectricalOutlets", "ElectricalOutlets.csproj", "{0987589F-29A8-492A-9E4E-F036345CCA80}"
EndProject
Global
	GlobalSection(SolutionConfigurationPlatforms) = preSolution
		Debug|Any CPU = Debug|Any CPU
		Release|Any CPU = Release|Any CPU
	EndGlobalSection
	GlobalSection(ProjectConfigurationPlatforms) = postSolution
		{0987589F-29A8-492A-9E4E-F036345CCA80}.Debug|Any CPU.ActiveCfg = Debug|Any CPU
		{0987589F-29A8-492A-9E4E-F036345CCA80}.Debug|Any CPU.Build.0 = Debug|Any CPU
		{0987589F-29A8-492A-9E4E-F036345CCA80}.Release|Any CPU.ActiveCfg = Release|Any CPU
		{0987589F-29A8-492A-9E4E-F036345CCA80}.Release|Any CPU.Build.0 = Release|Any CPU
	EndGlobalSection
	GlobalSection(SolutionProperties) = preSolution
		HideSolutionNode = FALSE
	EndGlobalSection
	GlobalSection(ExtensibilityGlobals) = postSolution
		SolutionGuid = {A1E7F26B-9949-43D2-9E7A-29D0EB005963}
	EndGlobalSection
EndGlobal
