
Microsoft Visual Studio Solution File, Format Version 12.00
# Visual Studio Version 16
VisualStudioVersion = 16.0.30503.244
MinimumVisualStudioVersion = 10.0.40219.1
Project("{FAE04EC0-301F-11D3-BF4B-00C04F79EFBC}") = "Rijeci", "Rijeci.csproj", "{23370F2D-FD51-4786-8F6A-C1C44E930B9E}"
EndProject
Global
	GlobalSection(SolutionConfigurationPlatforms) = preSolution
		Debug|Any CPU = Debug|Any CPU
		Release|Any CPU = Release|Any CPU
	EndGlobalSection
	GlobalSection(ProjectConfigurationPlatforms) = postSolution
		{23370F2D-FD51-4786-8F6A-C1C44E930B9E}.Debug|Any CPU.ActiveCfg = Debug|Any CPU
		{23370F2D-FD51-4786-8F6A-C1C44E930B9E}.Debug|Any CPU.Build.0 = Debug|Any CPU
		{23370F2D-FD51-4786-8F6A-C1C44E930B9E}.Release|Any CPU.ActiveCfg = Release|Any CPU
		{23370F2D-FD51-4786-8F6A-C1C44E930B9E}.Release|Any CPU.Build.0 = Release|Any CPU
	EndGlobalSection
	GlobalSection(SolutionProperties) = preSolution
		HideSolutionNode = FALSE
	EndGlobalSection
	GlobalSection(ExtensibilityGlobals) = postSolution
		SolutionGuid = {6336674A-E9E2-4CB5-BA93-EBA714C9A219}
	EndGlobalSection
EndGlobal
