
Microsoft Visual Studio Solution File, Format Version 12.00
# Visual Studio Version 16
VisualStudioVersion = 16.0.30503.244
MinimumVisualStudioVersion = 10.0.40219.1
Project("{FAE04EC0-301F-11D3-BF4B-00C04F79EFBC}") = "LostLineup", "LostLineup.csproj", "{09D99559-28A8-4D8B-9F48-EC08F961246A}"
EndProject
Global
	GlobalSection(SolutionConfigurationPlatforms) = preSolution
		Debug|Any CPU = Debug|Any CPU
		Release|Any CPU = Release|Any CPU
	EndGlobalSection
	GlobalSection(ProjectConfigurationPlatforms) = postSolution
		{09D99559-28A8-4D8B-9F48-EC08F961246A}.Debug|Any CPU.ActiveCfg = Debug|Any CPU
		{09D99559-28A8-4D8B-9F48-EC08F961246A}.Debug|Any CPU.Build.0 = Debug|Any CPU
		{09D99559-28A8-4D8B-9F48-EC08F961246A}.Release|Any CPU.ActiveCfg = Release|Any CPU
		{09D99559-28A8-4D8B-9F48-EC08F961246A}.Release|Any CPU.Build.0 = Release|Any CPU
	EndGlobalSection
	GlobalSection(SolutionProperties) = preSolution
		HideSolutionNode = FALSE
	EndGlobalSection
	GlobalSection(ExtensibilityGlobals) = postSolution
		SolutionGuid = {2D0FF725-4C84-47BA-8B74-D14F7A7CB65D}
	EndGlobalSection
EndGlobal
