
Microsoft Visual Studio Solution File, Format Version 12.00
# Visual Studio Version 16
VisualStudioVersion = 16.0.30503.244
MinimumVisualStudioVersion = 10.0.40219.1
Project("{FAE04EC0-301F-11D3-BF4B-00C04F79EFBC}") = "QuickBrownFox", "QuickBrownFox.csproj", "{7F876E7A-AE64-4263-AB05-63D9C5BE2829}"
EndProject
Global
	GlobalSection(SolutionConfigurationPlatforms) = preSolution
		Debug|Any CPU = Debug|Any CPU
		Release|Any CPU = Release|Any CPU
	EndGlobalSection
	GlobalSection(ProjectConfigurationPlatforms) = postSolution
		{7F876E7A-AE64-4263-AB05-63D9C5BE2829}.Debug|Any CPU.ActiveCfg = Debug|Any CPU
		{7F876E7A-AE64-4263-AB05-63D9C5BE2829}.Debug|Any CPU.Build.0 = Debug|Any CPU
		{7F876E7A-AE64-4263-AB05-63D9C5BE2829}.Release|Any CPU.ActiveCfg = Release|Any CPU
		{7F876E7A-AE64-4263-AB05-63D9C5BE2829}.Release|Any CPU.Build.0 = Release|Any CPU
	EndGlobalSection
	GlobalSection(SolutionProperties) = preSolution
		HideSolutionNode = FALSE
	EndGlobalSection
	GlobalSection(ExtensibilityGlobals) = postSolution
		SolutionGuid = {4E2357D0-73D0-4B47-93CB-E74E32CE54AB}
	EndGlobalSection
EndGlobal
