
Microsoft Visual Studio Solution File, Format Version 12.00
# Visual Studio Version 16
VisualStudioVersion = 16.0.30503.244
MinimumVisualStudioVersion = 10.0.40219.1
Project("{FAE04EC0-301F-11D3-BF4B-00C04F79EFBC}") = "Ladder", "Ladder.csproj", "{804F5E9A-B7A8-4FA3-95C4-0E4663DDC18A}"
EndProject
Global
	GlobalSection(SolutionConfigurationPlatforms) = preSolution
		Debug|Any CPU = Debug|Any CPU
		Release|Any CPU = Release|Any CPU
	EndGlobalSection
	GlobalSection(ProjectConfigurationPlatforms) = postSolution
		{804F5E9A-B7A8-4FA3-95C4-0E4663DDC18A}.Debug|Any CPU.ActiveCfg = Debug|Any CPU
		{804F5E9A-B7A8-4FA3-95C4-0E4663DDC18A}.Debug|Any CPU.Build.0 = Debug|Any CPU
		{804F5E9A-B7A8-4FA3-95C4-0E4663DDC18A}.Release|Any CPU.ActiveCfg = Release|Any CPU
		{804F5E9A-B7A8-4FA3-95C4-0E4663DDC18A}.Release|Any CPU.Build.0 = Release|Any CPU
	EndGlobalSection
	GlobalSection(SolutionProperties) = preSolution
		HideSolutionNode = FALSE
	EndGlobalSection
	GlobalSection(ExtensibilityGlobals) = postSolution
		SolutionGuid = {52D8FD90-39FF-4EDD-B55A-A6FA1CF1A89E}
	EndGlobalSection
EndGlobal
