
Microsoft Visual Studio Solution File, Format Version 12.00
# Visual Studio Version 16
VisualStudioVersion = 16.0.30503.244
MinimumVisualStudioVersion = 10.0.40219.1
Project("{FAE04EC0-301F-11D3-BF4B-00C04F79EFBC}") = "ReversedBinary", "ReversedBinary.csproj", "{21E349DC-5B63-4E2A-830C-45EFBE384C3E}"
EndProject
Global
	GlobalSection(SolutionConfigurationPlatforms) = preSolution
		Debug|Any CPU = Debug|Any CPU
		Release|Any CPU = Release|Any CPU
	EndGlobalSection
	GlobalSection(ProjectConfigurationPlatforms) = postSolution
		{21E349DC-5B63-4E2A-830C-45EFBE384C3E}.Debug|Any CPU.ActiveCfg = Debug|Any CPU
		{21E349DC-5B63-4E2A-830C-45EFBE384C3E}.Debug|Any CPU.Build.0 = Debug|Any CPU
		{21E349DC-5B63-4E2A-830C-45EFBE384C3E}.Release|Any CPU.ActiveCfg = Release|Any CPU
		{21E349DC-5B63-4E2A-830C-45EFBE384C3E}.Release|Any CPU.Build.0 = Release|Any CPU
	EndGlobalSection
	GlobalSection(SolutionProperties) = preSolution
		HideSolutionNode = FALSE
	EndGlobalSection
	GlobalSection(ExtensibilityGlobals) = postSolution
		SolutionGuid = {8D7A2E3F-DAF0-4FC6-8F78-9D26D68EB1C1}
	EndGlobalSection
EndGlobal
