
Microsoft Visual Studio Solution File, Format Version 12.00
# Visual Studio Version 16
VisualStudioVersion = 16.0.30503.244
MinimumVisualStudioVersion = 10.0.40219.1
Project("{FAE04EC0-301F-11D3-BF4B-00C04F79EFBC}") = "StackingCups", "StackingCups.csproj", "{0D4FF0E8-9E14-4B51-907F-61557DFE11D4}"
EndProject
Global
	GlobalSection(SolutionConfigurationPlatforms) = preSolution
		Debug|Any CPU = Debug|Any CPU
		Release|Any CPU = Release|Any CPU
	EndGlobalSection
	GlobalSection(ProjectConfigurationPlatforms) = postSolution
		{0D4FF0E8-9E14-4B51-907F-61557DFE11D4}.Debug|Any CPU.ActiveCfg = Debug|Any CPU
		{0D4FF0E8-9E14-4B51-907F-61557DFE11D4}.Debug|Any CPU.Build.0 = Debug|Any CPU
		{0D4FF0E8-9E14-4B51-907F-61557DFE11D4}.Release|Any CPU.ActiveCfg = Release|Any CPU
		{0D4FF0E8-9E14-4B51-907F-61557DFE11D4}.Release|Any CPU.Build.0 = Release|Any CPU
	EndGlobalSection
	GlobalSection(SolutionProperties) = preSolution
		HideSolutionNode = FALSE
	EndGlobalSection
	GlobalSection(ExtensibilityGlobals) = postSolution
		SolutionGuid = {DF5CC009-5BAB-42EA-B180-05C488C9B660}
	EndGlobalSection
EndGlobal
