
Microsoft Visual Studio Solution File, Format Version 12.00
# Visual Studio Version 16
VisualStudioVersion = 16.0.30503.244
MinimumVisualStudioVersion = 10.0.40219.1
Project("{FAE04EC0-301F-11D3-BF4B-00C04F79EFBC}") = "StarArrangements", "StarArrangements.csproj", "{2555CB29-7231-4269-85F8-77E8A2D5203B}"
EndProject
Global
	GlobalSection(SolutionConfigurationPlatforms) = preSolution
		Debug|Any CPU = Debug|Any CPU
		Release|Any CPU = Release|Any CPU
	EndGlobalSection
	GlobalSection(ProjectConfigurationPlatforms) = postSolution
		{2555CB29-7231-4269-85F8-77E8A2D5203B}.Debug|Any CPU.ActiveCfg = Debug|Any CPU
		{2555CB29-7231-4269-85F8-77E8A2D5203B}.Debug|Any CPU.Build.0 = Debug|Any CPU
		{2555CB29-7231-4269-85F8-77E8A2D5203B}.Release|Any CPU.ActiveCfg = Release|Any CPU
		{2555CB29-7231-4269-85F8-77E8A2D5203B}.Release|Any CPU.Build.0 = Release|Any CPU
	EndGlobalSection
	GlobalSection(SolutionProperties) = preSolution
		HideSolutionNode = FALSE
	EndGlobalSection
	GlobalSection(ExtensibilityGlobals) = postSolution
		SolutionGuid = {046760E3-5570-4012-B82A-2D4D3F96B940}
	EndGlobalSection
EndGlobal
