
Microsoft Visual Studio Solution File, Format Version 12.00
# Visual Studio Version 16
VisualStudioVersion = 16.0.30503.244
MinimumVisualStudioVersion = 10.0.40219.1
Project("{FAE04EC0-301F-11D3-BF4B-00C04F79EFBC}") = "Autori", "Autori.csproj", "{5A624161-4A74-4715-9F5D-F10CFABD6458}"
EndProject
Global
	GlobalSection(SolutionConfigurationPlatforms) = preSolution
		Debug|Any CPU = Debug|Any CPU
		Release|Any CPU = Release|Any CPU
	EndGlobalSection
	GlobalSection(ProjectConfigurationPlatforms) = postSolution
		{5A624161-4A74-4715-9F5D-F10CFABD6458}.Debug|Any CPU.ActiveCfg = Debug|Any CPU
		{5A624161-4A74-4715-9F5D-F10CFABD6458}.Debug|Any CPU.Build.0 = Debug|Any CPU
		{5A624161-4A74-4715-9F5D-F10CFABD6458}.Release|Any CPU.ActiveCfg = Release|Any CPU
		{5A624161-4A74-4715-9F5D-F10CFABD6458}.Release|Any CPU.Build.0 = Release|Any CPU
	EndGlobalSection
	GlobalSection(SolutionProperties) = preSolution
		HideSolutionNode = FALSE
	EndGlobalSection
	GlobalSection(ExtensibilityGlobals) = postSolution
		SolutionGuid = {C7E67CB8-A939-4765-8F90-259EB833CAC2}
	EndGlobalSection
EndGlobal
