
Microsoft Visual Studio Solution File, Format Version 12.00
# Visual Studio Version 16
VisualStudioVersion = 16.0.30503.244
MinimumVisualStudioVersion = 10.0.40219.1
Project("{FAE04EC0-301F-11D3-BF4B-00C04F79EFBC}") = "Oddities", "Oddities.csproj", "{01B63206-7D4B-466F-A4C9-5EA0A278C173}"
EndProject
Global
	GlobalSection(SolutionConfigurationPlatforms) = preSolution
		Debug|Any CPU = Debug|Any CPU
		Release|Any CPU = Release|Any CPU
	EndGlobalSection
	GlobalSection(ProjectConfigurationPlatforms) = postSolution
		{01B63206-7D4B-466F-A4C9-5EA0A278C173}.Debug|Any CPU.ActiveCfg = Debug|Any CPU
		{01B63206-7D4B-466F-A4C9-5EA0A278C173}.Debug|Any CPU.Build.0 = Debug|Any CPU
		{01B63206-7D4B-466F-A4C9-5EA0A278C173}.Release|Any CPU.ActiveCfg = Release|Any CPU
		{01B63206-7D4B-466F-A4C9-5EA0A278C173}.Release|Any CPU.Build.0 = Release|Any CPU
	EndGlobalSection
	GlobalSection(SolutionProperties) = preSolution
		HideSolutionNode = FALSE
	EndGlobalSection
	GlobalSection(ExtensibilityGlobals) = postSolution
		SolutionGuid = {55229AA7-51CE-46C6-8D0D-B79BE1E5AD11}
	EndGlobalSection
EndGlobal
