
Microsoft Visual Studio Solution File, Format Version 12.00
# Visual Studio Version 16
VisualStudioVersion = 16.0.30503.244
MinimumVisualStudioVersion = 10.0.40219.1
Project("{FAE04EC0-301F-11D3-BF4B-00C04F79EFBC}") = "Pot", "Pot.csproj", "{3630FECF-519F-4FD9-A22C-C8572F3C992B}"
EndProject
Global
	GlobalSection(SolutionConfigurationPlatforms) = preSolution
		Debug|Any CPU = Debug|Any CPU
		Release|Any CPU = Release|Any CPU
	EndGlobalSection
	GlobalSection(ProjectConfigurationPlatforms) = postSolution
		{3630FECF-519F-4FD9-A22C-C8572F3C992B}.Debug|Any CPU.ActiveCfg = Debug|Any CPU
		{3630FECF-519F-4FD9-A22C-C8572F3C992B}.Debug|Any CPU.Build.0 = Debug|Any CPU
		{3630FECF-519F-4FD9-A22C-C8572F3C992B}.Release|Any CPU.ActiveCfg = Release|Any CPU
		{3630FECF-519F-4FD9-A22C-C8572F3C992B}.Release|Any CPU.Build.0 = Release|Any CPU
	EndGlobalSection
	GlobalSection(SolutionProperties) = preSolution
		HideSolutionNode = FALSE
	EndGlobalSection
	GlobalSection(ExtensibilityGlobals) = postSolution
		SolutionGuid = {79EB9D04-4324-43A8-B064-FB224FE66F05}
	EndGlobalSection
EndGlobal
