
Microsoft Visual Studio Solution File, Format Version 12.00
# Visual Studio Version 16
VisualStudioVersion = 16.0.30503.244
MinimumVisualStudioVersion = 10.0.40219.1
Project("{FAE04EC0-301F-11D3-BF4B-00C04F79EFBC}") = "SodaSlurper", "SodaSlurper.csproj", "{BA9708C6-BD7B-48A3-B2C1-CFBAC2F97AC6}"
EndProject
Global
	GlobalSection(SolutionConfigurationPlatforms) = preSolution
		Debug|Any CPU = Debug|Any CPU
		Release|Any CPU = Release|Any CPU
	EndGlobalSection
	GlobalSection(ProjectConfigurationPlatforms) = postSolution
		{BA9708C6-BD7B-48A3-B2C1-CFBAC2F97AC6}.Debug|Any CPU.ActiveCfg = Debug|Any CPU
		{BA9708C6-BD7B-48A3-B2C1-CFBAC2F97AC6}.Debug|Any CPU.Build.0 = Debug|Any CPU
		{BA9708C6-BD7B-48A3-B2C1-CFBAC2F97AC6}.Release|Any CPU.ActiveCfg = Release|Any CPU
		{BA9708C6-BD7B-48A3-B2C1-CFBAC2F97AC6}.Release|Any CPU.Build.0 = Release|Any CPU
	EndGlobalSection
	GlobalSection(SolutionProperties) = preSolution
		HideSolutionNode = FALSE
	EndGlobalSection
	GlobalSection(ExtensibilityGlobals) = postSolution
		SolutionGuid = {D619D03E-996F-41CD-ADA2-8229F3B37630}
	EndGlobalSection
EndGlobal
