
Microsoft Visual Studio Solution File, Format Version 12.00
# Visual Studio Version 16
VisualStudioVersion = 16.0.30503.244
MinimumVisualStudioVersion = 10.0.40219.1
Project("{FAE04EC0-301F-11D3-BF4B-00C04F79EFBC}") = "PieceOfCake", "PieceOfCake.csproj", "{98A2ACCD-E7A1-4F15-84B9-78CB5DE3E4D8}"
EndProject
Global
	GlobalSection(SolutionConfigurationPlatforms) = preSolution
		Debug|Any CPU = Debug|Any CPU
		Release|Any CPU = Release|Any CPU
	EndGlobalSection
	GlobalSection(ProjectConfigurationPlatforms) = postSolution
		{98A2ACCD-E7A1-4F15-84B9-78CB5DE3E4D8}.Debug|Any CPU.ActiveCfg = Debug|Any CPU
		{98A2ACCD-E7A1-4F15-84B9-78CB5DE3E4D8}.Debug|Any CPU.Build.0 = Debug|Any CPU
		{98A2ACCD-E7A1-4F15-84B9-78CB5DE3E4D8}.Release|Any CPU.ActiveCfg = Release|Any CPU
		{98A2ACCD-E7A1-4F15-84B9-78CB5DE3E4D8}.Release|Any CPU.Build.0 = Release|Any CPU
	EndGlobalSection
	GlobalSection(SolutionProperties) = preSolution
		HideSolutionNode = FALSE
	EndGlobalSection
	GlobalSection(ExtensibilityGlobals) = postSolution
		SolutionGuid = {644A766E-C801-40F1-B63E-2C019EE8B6DA}
	EndGlobalSection
EndGlobal
