
Microsoft Visual Studio Solution File, Format Version 12.00
# Visual Studio Version 16
VisualStudioVersion = 16.0.30503.244
MinimumVisualStudioVersion = 10.0.40219.1
Project("{FAE04EC0-301F-11D3-BF4B-00C04F79EFBC}") = "Faktor", "Faktor.csproj", "{026E3BFD-8DB7-40F2-A105-0B9F46200029}"
EndProject
Global
	GlobalSection(SolutionConfigurationPlatforms) = preSolution
		Debug|Any CPU = Debug|Any CPU
		Release|Any CPU = Release|Any CPU
	EndGlobalSection
	GlobalSection(ProjectConfigurationPlatforms) = postSolution
		{026E3BFD-8DB7-40F2-A105-0B9F46200029}.Debug|Any CPU.ActiveCfg = Debug|Any CPU
		{026E3BFD-8DB7-40F2-A105-0B9F46200029}.Debug|Any CPU.Build.0 = Debug|Any CPU
		{026E3BFD-8DB7-40F2-A105-0B9F46200029}.Release|Any CPU.ActiveCfg = Release|Any CPU
		{026E3BFD-8DB7-40F2-A105-0B9F46200029}.Release|Any CPU.Build.0 = Release|Any CPU
	EndGlobalSection
	GlobalSection(SolutionProperties) = preSolution
		HideSolutionNode = FALSE
	EndGlobalSection
	GlobalSection(ExtensibilityGlobals) = postSolution
		SolutionGuid = {F398A787-DC3B-430F-8CF8-2356F3ADC326}
	EndGlobalSection
EndGlobal
